
Microsoft Visual Studio Solution File, Format Version 11.00
# Visual Studio 2010
Project("{2150E333-8FDC-42A3-9474-1A3956D46DE8}") = "Source", "Source", "{2E15E7CB-BA56-47DC-BF7A-434B4EB9D8FA}"
EndProject
Project("{2150E333-8FDC-42A3-9474-1A3956D46DE8}") = "Unit Test", "Unit Test", "{8249D198-7D0B-4C42-AD64-138EF08EDBA4}"
EndProject
Project("{FAE04EC0-301F-11D3-BF4B-00C04F79EFBC}") = "Common", "src\Common\Common.csproj", "{D620E65B-0E63-4D38-9C9C-A091506CBA2A}"
EndProject
Project("{2150E333-8FDC-42A3-9474-1A3956D46DE8}") = "Library", "Library", "{8ECA2145-24ED-46FF-B5E0-B2816464676F}"
EndProject
Project("{2150E333-8FDC-42A3-9474-1A3956D46DE8}") = "Setup", "Setup", "{79FA0BD4-C8D0-44B5-8DBF-790B25D8B0A5}"
	ProjectSection(SolutionItems) = preProject
		setup\TestDriven.NET-4.3.12258_Personal_Beta.zip = setup\TestDriven.NET-4.3.12258_Personal_Beta.zip
	EndProjectSection
EndProject
Project("{2150E333-8FDC-42A3-9474-1A3956D46DE8}") = "Documentation", "Documentation", "{6E8BE176-71E3-4846-8EFC-B75D295016DC}"
EndProject
Project("{FAE04EC0-301F-11D3-BF4B-00C04F79EFBC}") = "Common.Tests", "unitTest\Common.Tests\Common.Tests.csproj", "{8EEEF089-DD6A-4F8C-9E84-5E56206B5794}"
EndProject
Project("{2150E333-8FDC-42A3-9474-1A3956D46DE8}") = "01 OO", "01 OO", "{78AF25EB-B533-475D-BEC8-B0461B73D702}"
EndProject
Project("{FAE04EC0-301F-11D3-BF4B-00C04F79EFBC}") = "OOPrinciple", "src\OOPrinciple\OOPrinciple.csproj", "{84CF8DBA-7BB7-42D0-A453-82BA6B96AACE}"
EndProject
Project("{2150E333-8FDC-42A3-9474-1A3956D46DE8}") = "02 CSharp Language", "02 CSharp Language", "{643B0B55-9E62-4CBE-9BCC-2AB3CB7B4952}"
EndProject
Project("{FAE04EC0-301F-11D3-BF4B-00C04F79EFBC}") = "Concept.Tests", "unitTest\Concept.Tests\Concept.Tests.csproj", "{02554701-E708-448B-91C7-24CFEB51F786}"
EndProject
Project("{2150E333-8FDC-42A3-9474-1A3956D46DE8}") = "02 CSharp Language", "02 CSharp Language", "{834F67B8-6171-45C7-8179-37469D85DCEF}"
EndProject
Project("{FAE04EC0-301F-11D3-BF4B-00C04F79EFBC}") = "Concept", "src\Concept\Concept.csproj", "{756F19E5-144F-4BC2-B81A-E2DE34DC5B01}"
EndProject
Project("{2150E333-8FDC-42A3-9474-1A3956D46DE8}") = "04 Factory Method", "04 Factory Method", "{67DC98AE-D56F-4580-A51B-BCB6AF0AF273}"
EndProject
Project("{2150E333-8FDC-42A3-9474-1A3956D46DE8}") = "04 Factory Method", "04 Factory Method", "{F7F1152F-F523-4EE6-A254-D2BF927B37CC}"
EndProject
Project("{FAE04EC0-301F-11D3-BF4B-00C04F79EFBC}") = "FactoryMethod", "src\FactoryMethod\FactoryMethod.csproj", "{CF376DDF-CF33-44E4-8436-AA3E3340B5C6}"
EndProject
Project("{FAE04EC0-301F-11D3-BF4B-00C04F79EFBC}") = "FactoryMethod.Tests", "unitTest\FactoryMethod.Tests\FactoryMethod.Tests.csproj", "{1BFFD42E-06D6-4300-821F-7B485344518B}"
EndProject
Project("{2150E333-8FDC-42A3-9474-1A3956D46DE8}") = "05 Singleton", "05 Singleton", "{60F9E70D-5626-4CA6-8CE5-5B0DA2B4D0A9}"
EndProject
Project("{2150E333-8FDC-42A3-9474-1A3956D46DE8}") = "05 Singleton", "05 Singleton", "{A49E1D33-8035-4F31-9B37-731C813B437E}"
EndProject
Project("{FAE04EC0-301F-11D3-BF4B-00C04F79EFBC}") = "Singleton", "Singleton\Singleton.csproj", "{17E824FA-770F-4F46-9C5F-CB8E1E6E2C59}"
EndProject
Project("{FAE04EC0-301F-11D3-BF4B-00C04F79EFBC}") = "Singleton.Tests", "Singleton.Tests\Singleton.Tests.csproj", "{F5C04B91-D9A8-4A2B-B338-CF180B1B739C}"
EndProject
Global
	GlobalSection(SolutionConfigurationPlatforms) = preSolution
		Debug|Any CPU = Debug|Any CPU
		Release|Any CPU = Release|Any CPU
	EndGlobalSection
	GlobalSection(ProjectConfigurationPlatforms) = postSolution
		{D620E65B-0E63-4D38-9C9C-A091506CBA2A}.Debug|Any CPU.ActiveCfg = Debug|Any CPU
		{D620E65B-0E63-4D38-9C9C-A091506CBA2A}.Debug|Any CPU.Build.0 = Debug|Any CPU
		{D620E65B-0E63-4D38-9C9C-A091506CBA2A}.Release|Any CPU.ActiveCfg = Release|Any CPU
		{D620E65B-0E63-4D38-9C9C-A091506CBA2A}.Release|Any CPU.Build.0 = Release|Any CPU
		{8EEEF089-DD6A-4F8C-9E84-5E56206B5794}.Debug|Any CPU.ActiveCfg = Debug|Any CPU
		{8EEEF089-DD6A-4F8C-9E84-5E56206B5794}.Debug|Any CPU.Build.0 = Debug|Any CPU
		{8EEEF089-DD6A-4F8C-9E84-5E56206B5794}.Release|Any CPU.ActiveCfg = Release|Any CPU
		{8EEEF089-DD6A-4F8C-9E84-5E56206B5794}.Release|Any CPU.Build.0 = Release|Any CPU
		{84CF8DBA-7BB7-42D0-A453-82BA6B96AACE}.Debug|Any CPU.ActiveCfg = Debug|Any CPU
		{84CF8DBA-7BB7-42D0-A453-82BA6B96AACE}.Debug|Any CPU.Build.0 = Debug|Any CPU
		{84CF8DBA-7BB7-42D0-A453-82BA6B96AACE}.Release|Any CPU.ActiveCfg = Release|Any CPU
		{84CF8DBA-7BB7-42D0-A453-82BA6B96AACE}.Release|Any CPU.Build.0 = Release|Any CPU
		{02554701-E708-448B-91C7-24CFEB51F786}.Debug|Any CPU.ActiveCfg = Debug|Any CPU
		{02554701-E708-448B-91C7-24CFEB51F786}.Debug|Any CPU.Build.0 = Debug|Any CPU
		{02554701-E708-448B-91C7-24CFEB51F786}.Release|Any CPU.ActiveCfg = Release|Any CPU
		{02554701-E708-448B-91C7-24CFEB51F786}.Release|Any CPU.Build.0 = Release|Any CPU
		{756F19E5-144F-4BC2-B81A-E2DE34DC5B01}.Debug|Any CPU.ActiveCfg = Debug|Any CPU
		{756F19E5-144F-4BC2-B81A-E2DE34DC5B01}.Debug|Any CPU.Build.0 = Debug|Any CPU
		{756F19E5-144F-4BC2-B81A-E2DE34DC5B01}.Release|Any CPU.ActiveCfg = Release|Any CPU
		{756F19E5-144F-4BC2-B81A-E2DE34DC5B01}.Release|Any CPU.Build.0 = Release|Any CPU
		{CF376DDF-CF33-44E4-8436-AA3E3340B5C6}.Debug|Any CPU.ActiveCfg = Debug|Any CPU
		{CF376DDF-CF33-44E4-8436-AA3E3340B5C6}.Debug|Any CPU.Build.0 = Debug|Any CPU
		{CF376DDF-CF33-44E4-8436-AA3E3340B5C6}.Release|Any CPU.ActiveCfg = Release|Any CPU
		{CF376DDF-CF33-44E4-8436-AA3E3340B5C6}.Release|Any CPU.Build.0 = Release|Any CPU
		{1BFFD42E-06D6-4300-821F-7B485344518B}.Debug|Any CPU.ActiveCfg = Debug|Any CPU
		{1BFFD42E-06D6-4300-821F-7B485344518B}.Debug|Any CPU.Build.0 = Debug|Any CPU
		{1BFFD42E-06D6-4300-821F-7B485344518B}.Release|Any CPU.ActiveCfg = Release|Any CPU
		{1BFFD42E-06D6-4300-821F-7B485344518B}.Release|Any CPU.Build.0 = Release|Any CPU
		{17E824FA-770F-4F46-9C5F-CB8E1E6E2C59}.Debug|Any CPU.ActiveCfg = Debug|Any CPU
		{17E824FA-770F-4F46-9C5F-CB8E1E6E2C59}.Debug|Any CPU.Build.0 = Debug|Any CPU
		{17E824FA-770F-4F46-9C5F-CB8E1E6E2C59}.Release|Any CPU.ActiveCfg = Release|Any CPU
		{17E824FA-770F-4F46-9C5F-CB8E1E6E2C59}.Release|Any CPU.Build.0 = Release|Any CPU
		{F5C04B91-D9A8-4A2B-B338-CF180B1B739C}.Debug|Any CPU.ActiveCfg = Debug|Any CPU
		{F5C04B91-D9A8-4A2B-B338-CF180B1B739C}.Debug|Any CPU.Build.0 = Debug|Any CPU
		{F5C04B91-D9A8-4A2B-B338-CF180B1B739C}.Release|Any CPU.ActiveCfg = Release|Any CPU
		{F5C04B91-D9A8-4A2B-B338-CF180B1B739C}.Release|Any CPU.Build.0 = Release|Any CPU
	EndGlobalSection
	GlobalSection(SolutionProperties) = preSolution
		HideSolutionNode = FALSE
	EndGlobalSection
	GlobalSection(NestedProjects) = preSolution
		{D620E65B-0E63-4D38-9C9C-A091506CBA2A} = {2E15E7CB-BA56-47DC-BF7A-434B4EB9D8FA}
		{78AF25EB-B533-475D-BEC8-B0461B73D702} = {2E15E7CB-BA56-47DC-BF7A-434B4EB9D8FA}
		{834F67B8-6171-45C7-8179-37469D85DCEF} = {2E15E7CB-BA56-47DC-BF7A-434B4EB9D8FA}
		{67DC98AE-D56F-4580-A51B-BCB6AF0AF273} = {2E15E7CB-BA56-47DC-BF7A-434B4EB9D8FA}
		{60F9E70D-5626-4CA6-8CE5-5B0DA2B4D0A9} = {2E15E7CB-BA56-47DC-BF7A-434B4EB9D8FA}
		{8EEEF089-DD6A-4F8C-9E84-5E56206B5794} = {8249D198-7D0B-4C42-AD64-138EF08EDBA4}
		{643B0B55-9E62-4CBE-9BCC-2AB3CB7B4952} = {8249D198-7D0B-4C42-AD64-138EF08EDBA4}
		{F7F1152F-F523-4EE6-A254-D2BF927B37CC} = {8249D198-7D0B-4C42-AD64-138EF08EDBA4}
		{A49E1D33-8035-4F31-9B37-731C813B437E} = {8249D198-7D0B-4C42-AD64-138EF08EDBA4}
		{84CF8DBA-7BB7-42D0-A453-82BA6B96AACE} = {78AF25EB-B533-475D-BEC8-B0461B73D702}
		{02554701-E708-448B-91C7-24CFEB51F786} = {643B0B55-9E62-4CBE-9BCC-2AB3CB7B4952}
		{756F19E5-144F-4BC2-B81A-E2DE34DC5B01} = {834F67B8-6171-45C7-8179-37469D85DCEF}
		{CF376DDF-CF33-44E4-8436-AA3E3340B5C6} = {67DC98AE-D56F-4580-A51B-BCB6AF0AF273}
		{1BFFD42E-06D6-4300-821F-7B485344518B} = {F7F1152F-F523-4EE6-A254-D2BF927B37CC}
		{17E824FA-770F-4F46-9C5F-CB8E1E6E2C59} = {60F9E70D-5626-4CA6-8CE5-5B0DA2B4D0A9}
		{F5C04B91-D9A8-4A2B-B338-CF180B1B739C} = {A49E1D33-8035-4F31-9B37-731C813B437E}
	EndGlobalSection
EndGlobal
